{
  "name": "ajs_2",
  "version": "1.0.0",
  "lockfileVersion": 1,
  "requires": true,
  "dependencies": {
    "@melezhikova/ajs": {
      "version": "1.0.0",
      "resolved": "https://npm.pkg.github.com/download/@melezhikova/ajs/1.0.0/a3c601f7ffc2302072243a4f8256a4bd056d525648900c49224b4bd8344727c4",
      "integrity": "sha512-QMqjHcm+r0IP38H4LxI6CVJYgr5F8HrqHBmGii+q1M/+7Gv2cxywH9tKbQqUjSwA6iJbPIA1fcTq/qtUmpuM9g=="
    }
  }
}
